
Microsoft Visual Studio Solution File, Format Version 12.00
# Visual Studio Version 17
VisualStudioVersion = 17.14.35821.62 d17.14
MinimumVisualStudioVersion = 10.0.40219.1
Project("{FAE04EC0-301F-11D3-BF4B-00C04F79EFBC}") = "DevCareer.API", "DevCareer.API\DevCareer.API.csproj", "{C5E8A43F-EBD8-4D1E-B934-2F41FBB57D0F}"
EndProject
Project("{FAE04EC0-301F-11D3-BF4B-00C04F79EFBC}") = "DevCareer.Data", "DevCareer.Data\DevCareer.Data.csproj", "{96A0D187-4B69-47C7-8196-9025C48181D3}"
EndProject
Global
	GlobalSection(SolutionConfigurationPlatforms) = preSolution
		Debug|Any CPU = Debug|Any CPU
		Release|Any CPU = Release|Any CPU
	EndGlobalSection
	GlobalSection(ProjectConfigurationPlatforms) = postSolution
		{C5E8A43F-EBD8-4D1E-B934-2F41FBB57D0F}.Debug|Any CPU.ActiveCfg = Debug|Any CPU
		{C5E8A43F-EBD8-4D1E-B934-2F41FBB57D0F}.Debug|Any CPU.Build.0 = Debug|Any CPU
		{C5E8A43F-EBD8-4D1E-B934-2F41FBB57D0F}.Release|Any CPU.ActiveCfg = Release|Any CPU
		{C5E8A43F-EBD8-4D1E-B934-2F41FBB57D0F}.Release|Any CPU.Build.0 = Release|Any CPU
		{96A0D187-4B69-47C7-8196-9025C48181D3}.Debug|Any CPU.ActiveCfg = Debug|Any CPU
		{96A0D187-4B69-47C7-8196-9025C48181D3}.Debug|Any CPU.Build.0 = Debug|Any CPU
		{96A0D187-4B69-47C7-8196-9025C48181D3}.Release|Any CPU.ActiveCfg = Release|Any CPU
		{96A0D187-4B69-47C7-8196-9025C48181D3}.Release|Any CPU.Build.0 = Release|Any CPU
	EndGlobalSection
	GlobalSection(SolutionProperties) = preSolution
		HideSolutionNode = FALSE
	EndGlobalSection
	GlobalSection(ExtensibilityGlobals) = postSolution
		SolutionGuid = {B2D99055-34ED-4272-836A-934F55A0DFEC}
	EndGlobalSection
EndGlobal
